// !$*UTF8*$!
{
	archiveVersion = 1;
	classes = {
	};
	objectVersion = 50;
	objects = {

/* Begin PBXBuildFile section */
		921C79D8221BD20A000B90CA /* AppDelegate.swift in Sources */ = {isa = PBXBuildFile; fileRef = 921C79D7221BD20A000B90CA /* AppDelegate.swift */; };
		921C79DA221BD20A000B90CA /* ViewController.swift in Sources */ = {isa = PBXBuildFile; fileRef = 921C79D9221BD20A000B90CA /* ViewController.swift */; };
		921C79DD221BD20A000B90CA /* Main.storyboard in Resources */ = {isa = PBXBuildFile; fileRef = 921C79DB221BD20A000B90CA /* Main.storyboard */; };
		921C79DF221BD20C000B90CA /* Assets.xcassets in Resources */ = {isa = PBXBuildFile; fileRef = 921C79DE221BD20C000B90CA /* Assets.xcassets */; };
		921C79E2221BD20C000B90CA /* LaunchScreen.storyboard in Resources */ = {isa = PBXBuildFile; fileRef = 921C79E0221BD20C000B90CA /* LaunchScreen.storyboard */; };
		921C79ED221BD20C000B90CA /* CreditcardUITests.swift in Sources */ = {isa = PBXBuildFile; fileRef = 921C79EC221BD20C000B90CA /* CreditcardUITests.swift */; };
		921C79F8221BD20C000B90CA /* CreditcardUIUITests.swift in Sources */ = {isa = PBXBuildFile; fileRef = 921C79F7221BD20C000B90CA /* CreditcardUIUITests.swift */; };
		92F2D98B221D582A00461430 /* CustomPlaceholderTextFieldHandler.swift in Sources */ = {isa = PBXBuildFile; fileRef = 92F2D98A221D582A00461430 /* CustomPlaceholderTextFieldHandler.swift */; };
/* End PBXBuildFile section */

/* Begin PBXContainerItemProxy section */
		921C79E9221BD20C000B90CA /* PBXContainerItemProxy */ = {
			isa = PBXContainerItemProxy;
			containerPortal = 921C79CC221BD20A000B90CA /* Project object */;
			proxyType = 1;
			remoteGlobalIDString = 921C79D3221BD20A000B90CA;
			remoteInfo = CreditcardUI;
		};
		921C79F4221BD20C000B90CA /* PBXContainerItemProxy */ = {
			isa = PBXContainerItemProxy;
			containerPortal = 921C79CC221BD20A000B90CA /* Project object */;
			proxyType = 1;
			remoteGlobalIDString = 921C79D3221BD20A000B90CA;
			remoteInfo = CreditcardUI;
		};
/* End PBXContainerItemProxy section */

/* Begin PBXFileReference section */
		921C79D4221BD20A000B90CA /* CreditcardUI.app */ = {isa = PBXFileReference; explicitFileType = wrapper.application; includeInIndex = 0; path = CreditcardUI.app; sourceTree = BUILT_PRODUCTS_DIR; };
		921C79D7221BD20A000B90CA /* AppDelegate.swift */ = {isa = PBXFileReference; lastKnownFileType = sourcecode.swift; path = AppDelegate.swift; sourceTree = "<group>"; };
		921C79D9221BD20A000B90CA /* ViewController.swift */ = {isa = PBXFileReference; lastKnownFileType = sourcecode.swift; path = ViewController.swift; sourceTree = "<group>"; };
		921C79DC221BD20A000B90CA /* Base */ = {isa = PBXFileReference; lastKnownFileType = file.storyboard; name = Base; path = Base.lproj/Main.storyboard; sourceTree = "<group>"; };
		921C79DE221BD20C000B90CA /* Assets.xcassets */ = {isa = PBXFileReference; lastKnownFileType = folder.assetcatalog; path = Assets.xcassets; sourceTree = "<group>"; };
		921C79E1221BD20C000B90CA /* Base */ = {isa = PBXFileReference; lastKnownFileType = file.storyboard; name = Base; path = Base.lproj/LaunchScreen.storyboard; sourceTree = "<group>"; };
		921C79E3221BD20C000B90CA /* Info.plist */ = {isa = PBXFileReference; lastKnownFileType = text.plist.xml; path = Info.plist; sourceTree = "<group>"; };
		921C79E8221BD20C000B90CA /* CreditcardUITests.xctest */ = {isa = PBXFileReference; explicitFileType = wrapper.cfbundle; includeInIndex = 0; path = CreditcardUITests.xctest; sourceTree = BUILT_PRODUCTS_DIR; };
		921C79EC221BD20C000B90CA /* CreditcardUITests.swift */ = {isa = PBXFileReference; lastKnownFileType = sourcecode.swift; path = CreditcardUITests.swift; sourceTree = "<group>"; };
		921C79EE221BD20C000B90CA /* Info.plist */ = {isa = PBXFileReference; lastKnownFileType = text.plist.xml; path = Info.plist; sourceTree = "<group>"; };
		921C79F3221BD20C000B90CA /* CreditcardUIUITests.xctest */ = {isa = PBXFileReference; explicitFileType = wrapper.cfbundle; includeInIndex = 0; path = CreditcardUIUITests.xctest; sourceTree = BUILT_PRODUCTS_DIR; };
		921C79F7221BD20C000B90CA /* CreditcardUIUITests.swift */ = {isa = PBXFileReference; lastKnownFileType = sourcecode.swift; path = CreditcardUIUITests.swift; sourceTree = "<group>"; };
		921C79F9221BD20C000B90CA /* Info.plist */ = {isa = PBXFileReference; lastKnownFileType = text.plist.xml; path = Info.plist; sourceTree = "<group>"; };
		92F2D98A221D582A00461430 /* CustomPlaceholderTextFieldHandler.swift */ = {isa = PBXFileReference; lastKnownFileType = sourcecode.swift; path = CustomPlaceholderTextFieldHandler.swift; sourceTree = "<group>"; };
/* End PBXFileReference section */

/* Begin PBXFrameworksBuildPhase section */
		921C79D1221BD20A000B90CA /* Frameworks */ = {
			isa = PBXFrameworksBuildPhase;
			buildActionMask = 2147483647;
			files = (
			);
			runOnlyForDeploymentPostprocessing = 0;
		};
		921C79E5221BD20C000B90CA /* Frameworks */ = {
			isa = PBXFrameworksBuildPhase;
			buildActionMask = 2147483647;
			files = (
			);
			runOnlyForDeploymentPostprocessing = 0;
		};
		921C79F0221BD20C000B90CA /* Frameworks */ = {
			isa = PBXFrameworksBuildPhase;
			buildActionMask = 2147483647;
			files = (
			);
			runOnlyForDeploymentPostprocessing = 0;
		};
/* End PBXFrameworksBuildPhase section */

/* Begin PBXGroup section */
		921C79CB221BD20A000B90CA = {
			isa = PBXGroup;
			children = (
				921C79D6221BD20A000B90CA /* CreditcardUI */,
				921C79EB221BD20C000B90CA /* CreditcardUITests */,
				921C79F6221BD20C000B90CA /* CreditcardUIUITests */,
				921C79D5221BD20A000B90CA /* Products */,
			);
			sourceTree = "<group>";
		};
		921C79D5221BD20A000B90CA /* Products */ = {
			isa = PBXGroup;
			children = (
				921C79D4221BD20A000B90CA /* CreditcardUI.app */,
				921C79E8221BD20C000B90CA /* CreditcardUITests.xctest */,
				921C79F3221BD20C000B90CA /* CreditcardUIUITests.xctest */,
			);
			name = Products;
			sourceTree = "<group>";
		};
		921C79D6221BD20A000B90CA /* CreditcardUI */ = {
			isa = PBXGroup;
			children = (
				921C79D7221BD20A000B90CA /* AppDelegate.swift */,
				921C79D9221BD20A000B90CA /* ViewController.swift */,
				92F2D98A221D582A00461430 /* CustomPlaceholderTextFieldHandler.swift */,
				921C79DB221BD20A000B90CA /* Main.storyboard */,
				921C79DE221BD20C000B90CA /* Assets.xcassets */,
				921C79E0221BD20C000B90CA /* LaunchScreen.storyboard */,
				921C79E3221BD20C000B90CA /* Info.plist */,
			);
			path = CreditcardUI;
			sourceTree = "<group>";
		};
		921C79EB221BD20C000B90CA /* CreditcardUITests */ = {
			isa = PBXGroup;
			children = (
				921C79EC221BD20C000B90CA /* CreditcardUITests.swift */,
				921C79EE221BD20C000B90CA /* Info.plist */,
			);
			path = CreditcardUITests;
			sourceTree = "<group>";
		};
		921C79F6221BD20C000B90CA /* CreditcardUIUITests */ = {
			isa = PBXGroup;
			children = (
				921C79F7221BD20C000B90CA /* CreditcardUIUITests.swift */,
				921C79F9221BD20C000B90CA /* Info.plist */,
			);
			path = CreditcardUIUITests;
			sourceTree = "<group>";
		};
/* End PBXGroup section */

/* Begin PBXNativeTarget section */
		921C79D3221BD20A000B90CA /* CreditcardUI */ = {
			isa = PBXNativeTarget;
			buildConfigurationList = 921C79FC221BD20C000B90CA /* Build configuration list for PBXNativeTarget "CreditcardUI" */;
			buildPhases = (
				921C79D0221BD20A000B90CA /* Sources */,
				921C79D1221BD20A000B90CA /* Frameworks */,
				921C79D2221BD20A000B90CA /* Resources */,
			);
			buildRules = (
			);
			dependencies = (
			);
			name = CreditcardUI;
			productName = CreditcardUI;
			productReference = 921C79D4221BD20A000B90CA /* CreditcardUI.app */;
			productType = "com.apple.product-type.application";
		};
		921C79E7221BD20C000B90CA /* CreditcardUITests */ = {
			isa = PBXNativeTarget;
			buildConfigurationList = 921C79FF221BD20C000B90CA /* Build configuration list for PBXNativeTarget "CreditcardUITests" */;
			buildPhases = (
				921C79E4221BD20C000B90CA /* Sources */,
				921C79E5221BD20C000B90CA /* Frameworks */,
				921C79E6221BD20C000B90CA /* Resources */,
			);
			buildRules = (
			);
			dependencies = (
				921C79EA221BD20C000B90CA /* PBXTargetDependency */,
			);
			name = CreditcardUITests;
			productName = CreditcardUITests;
			productReference = 921C79E8221BD20C000B90CA /* CreditcardUITests.xctest */;
			productType = "com.apple.product-type.bundle.unit-test";
		};
		921C79F2221BD20C000B90CA /* CreditcardUIUITests */ = {
			isa = PBXNativeTarget;
			buildConfigurationList = 921C7A02221BD20C000B90CA /* Build configuration list for PBXNativeTarget "CreditcardUIUITests" */;
			buildPhases = (
				921C79EF221BD20C000B90CA /* Sources */,
				921C79F0221BD20C000B90CA /* Frameworks */,
				921C79F1221BD20C000B90CA /* Resources */,
			);
			buildRules = (
			);
			dependencies = (
				921C79F5221BD20C000B90CA /* PBXTargetDependency */,
			);
			name = CreditcardUIUITests;
			productName = CreditcardUIUITests;
			productReference = 921C79F3221BD20C000B90CA /* CreditcardUIUITests.xctest */;
			productType = "com.apple.product-type.bundle.ui-testing";
		};
/* End PBXNativeTarget section */

/* Begin PBXProject section */
		921C79CC221BD20A000B90CA /* Project object */ = {
			isa = PBXProject;
			attributes = {
				LastSwiftUpdateCheck = 1010;
				LastUpgradeCheck = 1010;
				ORGANIZATIONNAME = ankur;
				TargetAttributes = {
					921C79D3221BD20A000B90CA = {
						CreatedOnToolsVersion = 10.1;
					};
					921C79E7221BD20C000B90CA = {
						CreatedOnToolsVersion = 10.1;
						TestTargetID = 921C79D3221BD20A000B90CA;
					};
					921C79F2221BD20C000B90CA = {
						CreatedOnToolsVersion = 10.1;
						TestTargetID = 921C79D3221BD20A000B90CA;
					};
				};
			};
			buildConfigurationList = 921C79CF221BD20A000B90CA /* Build configuration list for PBXProject "CreditcardUI" */;
			compatibilityVersion = "Xcode 9.3";
			developmentRegion = en;
			hasScannedForEncodings = 0;
			knownRegions = (
				en,
				Base,
			);
			mainGroup = 921C79CB221BD20A000B90CA;
			productRefGroup = 921C79D5221BD20A000B90CA /* Products */;
			projectDirPath = "";
			projectRoot = "";
			targets = (
				921C79D3221BD20A000B90CA /* CreditcardUI */,
				921C79E7221BD20C000B90CA /* CreditcardUITests */,
				921C79F2221BD20C000B90CA /* CreditcardUIUITests */,
			);
		};
/* End PBXProject section */

/* Begin PBXResourcesBuildPhase section */
		921C79D2221BD20A000B90CA /* Resources */ = {
			isa = PBXResourcesBuildPhase;
			buildActionMask = 2147483647;
			files = (
				921C79E2221BD20C000B90CA /* LaunchScreen.storyboard in Resources */,
				921C79DF221BD20C000B90CA /* Assets.xcassets in Resources */,
				921C79DD221BD20A000B90CA /* Main.storyboard in Resources */,
			);
			runOnlyForDeploymentPostprocessing = 0;
		};
		921C79E6221BD20C000B90CA /* Resources */ = {
			isa = PBXResourcesBuildPhase;
			buildActionMask = 2147483647;
			files = (
			);
			runOnlyForDeploymentPostprocessing = 0;
		};
		921C79F1221BD20C000B90CA /* Resources */ = {
			isa = PBXResourcesBuildPhase;
			buildActionMask = 2147483647;
			files = (
			);
			runOnlyForDeploymentPostprocessing = 0;
		};
/* End PBXResourcesBuildPhase section */

/* Begin PBXSourcesBuildPhase section */
		921C79D0221BD20A000B90CA /* Sources */ = {
			isa = PBXSourcesBuildPhase;
			buildActionMask = 2147483647;
			files = (
				92F2D98B221D582A00461430 /* CustomPlaceholderTextFieldHandler.swift in Sources */,
				921C79DA221BD20A000B90CA /* ViewController.swift in Sources */,
				921C79D8221BD20A000B90CA /* AppDelegate.swift in Sources */,
			);
			runOnlyForDeploymentPostprocessing = 0;
		};
		921C79E4221BD20C000B90CA /* Sources */ = {
			isa = PBXSourcesBuildPhase;
			buildActionMask = 2147483647;
			files = (
				921C79ED221BD20C000B90CA /* CreditcardUITests.swift in Sources */,
			);
			runOnlyForDeploymentPostprocessing = 0;
		};
		921C79EF221BD20C000B90CA /* Sources */ = {
			isa = PBXSourcesBuildPhase;
			buildActionMask = 2147483647;
			files = (
				921C79F8221BD20C000B90CA /* CreditcardUIUITests.swift in Sources */,
			);
			runOnlyForDeploymentPostprocessing = 0;
		};
/* End PBXSourcesBuildPhase section */

/* Begin PBXTargetDependency section */
		921C79EA221BD20C000B90CA /* PBXTargetDependency */ = {
			isa = PBXTargetDependency;
			target = 921C79D3221BD20A000B90CA /* CreditcardUI */;
			targetProxy = 921C79E9221BD20C000B90CA /* PBXContainerItemProxy */;
		};
		921C79F5221BD20C000B90CA /* PBXTargetDependency */ = {
			isa = PBXTargetDependency;
			target = 921C79D3221BD20A000B90CA /* CreditcardUI */;
			targetProxy = 921C79F4221BD20C000B90CA /* PBXContainerItemProxy */;
		};
/* End PBXTargetDependency section */

/* Begin PBXVariantGroup section */
		921C79DB221BD20A000B90CA /* Main.storyboard */ = {
			isa = PBXVariantGroup;
			children = (
				921C79DC221BD20A000B90CA /* Base */,
			);
			name = Main.storyboard;
			sourceTree = "<group>";
		};
		921C79E0221BD20C000B90CA /* LaunchScreen.storyboard */ = {
			isa = PBXVariantGroup;
			children = (
				921C79E1221BD20C000B90CA /* Base */,
			);
			name = LaunchScreen.storyboard;
			sourceTree = "<group>";
		};
/* End PBXVariantGroup section */

/* Begin XCBuildConfiguration section */
		921C79FA221BD20C000B90CA /* Debug */ = {
			isa = XCBuildConfiguration;
			buildSettings = {
				ALWAYS_SEARCH_USER_PATHS = NO;
				CLANG_ANALYZER_NONNULL = YES;
				CLANG_ANALYZER_NUMBER_OBJECT_CONVERSION = YES_AGGRESSIVE;
				CLANG_CXX_LANGUAGE_STANDARD = "gnu++14";
				CLANG_CXX_LIBRARY = "libc++";
				CLANG_ENABLE_MODULES = YES;
				CLANG_ENABLE_OBJC_ARC = YES;
				CLANG_ENABLE_OBJC_WEAK = YES;
				CLANG_WARN_BLOCK_CAPTURE_AUTORELEASING = YES;
				CLANG_WARN_BOOL_CONVERSION = YES;
				CLANG_WARN_COMMA = YES;
				CLANG_WARN_CONSTANT_CONVERSION = YES;
				CLANG_WARN_DEPRECATED_OBJC_IMPLEMENTATIONS = YES;
				CLANG_WARN_DIRECT_OBJC_ISA_USAGE = YES_ERROR;
				CLANG_WARN_DOCUMENTATION_COMMENTS = YES;
				CLANG_WARN_EMPTY_BODY = YES;
				CLANG_WARN_ENUM_CONVERSION = YES;
				CLANG_WARN_INFINITE_RECURSION = YES;
				CLANG_WARN_INT_CONVERSION = YES;
				CLANG_WARN_NON_LITERAL_NULL_CONVERSION = YES;
				CLANG_WARN_OBJC_IMPLICIT_RETAIN_SELF = YES;
				CLANG_WARN_OBJC_LITERAL_CONVERSION = YES;
				CLANG_WARN_OBJC_ROOT_CLASS = YES_ERROR;
				CLANG_WARN_RANGE_LOOP_ANALYSIS = YES;
				CLANG_WARN_STRICT_PROTOTYPES = YES;
				CLANG_WARN_SUSPICIOUS_MOVE = YES;
				CLANG_WARN_UNGUARDED_AVAILABILITY = YES_AGGRESSIVE;
				CLANG_WARN_UNREACHABLE_CODE = YES;
				CLANG_WARN__DUPLICATE_METHOD_MATCH = YES;
				CODE_SIGN_IDENTITY = "iPhone Developer";
				COPY_PHASE_STRIP = NO;
				DEBUG_INFORMATION_FORMAT = dwarf;
				ENABLE_STRICT_OBJC_MSGSEND = YES;
				ENABLE_TESTABILITY = YES;
				GCC_C_LANGUAGE_STANDARD = gnu11;
				GCC_DYNAMIC_NO_PIC = NO;
				GCC_NO_COMMON_BLOCKS = YES;
				GCC_OPTIMIZATION_LEVEL = 0;
				GCC_PREPROCESSOR_DEFINITIONS = (
					"DEBUG=1",
					"$(inherited)",
				);
				GCC_WARN_64_TO_32_BIT_CONVERSION = YES;
				GCC_WARN_ABOUT_RETURN_TYPE = YES_ERROR;
				GCC_WARN_UNDECLARED_SELECTOR = YES;
				GCC_WARN_UNINITIALIZED_AUTOS = YES_AGGRESSIVE;
				GCC_WARN_UNUSED_FUNCTION = YES;
				GCC_WARN_UNUSED_VARIABLE = YES;
				IPHONEOS_DEPLOYMENT_TARGET = 12.1;
				MTL_ENABLE_DEBUG_INFO = INCLUDE_SOURCE;
				MTL_FAST_MATH = YES;
				ONLY_ACTIVE_ARCH = YES;
				SDKROOT = iphoneos;
				SWIFT_ACTIVE_COMPILATION_CONDITIONS = DEBUG;
				SWIFT_OPTIMIZATION_LEVEL = "-Onone";
			};
			name = Debug;
		};
		921C79FB221BD20C000B90CA /* Release */ = {
			isa = XCBuildConfiguration;
			buildSettings = {
				ALWAYS_SEARCH_USER_PATHS = NO;
				CLANG_ANALYZER_NONNULL = YES;
				CLANG_ANALYZER_NUMBER_OBJECT_CONVERSION = YES_AGGRESSIVE;
				CLANG_CXX_LANGUAGE_STANDARD = "gnu++14";
				CLANG_CXX_LIBRARY = "libc++";
				CLANG_ENABLE_MODULES = YES;
				CLANG_ENABLE_OBJC_ARC = YES;
				CLANG_ENABLE_OBJC_WEAK = YES;
				CLANG_WARN_BLOCK_CAPTURE_AUTORELEASING = YES;
				CLANG_WARN_BOOL_CONVERSION = YES;
				CLANG_WARN_COMMA = YES;
				CLANG_WARN_CONSTANT_CONVERSION = YES;
				CLANG_WARN_DEPRECATED_OBJC_IMPLEMENTATIONS = YES;
				CLANG_WARN_DIRECT_OBJC_ISA_USAGE = YES_ERROR;
				CLANG_WARN_DOCUMENTATION_COMMENTS = YES;
				CLANG_WARN_EMPTY_BODY = YES;
				CLANG_WARN_ENUM_CONVERSION = YES;
				CLANG_WARN_INFINITE_RECURSION = YES;
				CLANG_WARN_INT_CONVERSION = YES;
				CLANG_WARN_NON_LITERAL_NULL_CONVERSION = YES;
				CLANG_WARN_OBJC_IMPLICIT_RETAIN_SELF = YES;
				CLANG_WARN_OBJC_LITERAL_CONVERSION = YES;
				CLANG_WARN_OBJC_ROOT_CLASS = YES_ERROR;
				CLANG_WARN_RANGE_LOOP_ANALYSIS = YES;
				CLANG_WARN_STRICT_PROTOTYPES = YES;
				CLANG_WARN_SUSPICIOUS_MOVE = YES;
				CLANG_WARN_UNGUARDED_AVAILABILITY = YES_AGGRESSIVE;
				CLANG_WARN_UNREACHABLE_CODE = YES;
				CLANG_WARN__DUPLICATE_METHOD_MATCH = YES;
				CODE_SIGN_IDENTITY = "iPhone Developer";
				COPY_PHASE_STRIP = NO;
				DEBUG_INFORMATION_FORMAT = "dwarf-with-dsym";
				ENABLE_NS_ASSERTIONS = NO;
				ENABLE_STRICT_OBJC_MSGSEND = YES;
				GCC_C_LANGUAGE_STANDARD = gnu11;
				GCC_NO_COMMON_BLOCKS = YES;
				GCC_WARN_64_TO_32_BIT_CONVERSION = YES;
				GCC_WARN_ABOUT_RETURN_TYPE = YES_ERROR;
				GCC_WARN_UNDECLARED_SELECTOR = YES;
				GCC_WARN_UNINITIALIZED_AUTOS = YES_AGGRESSIVE;
				GCC_WARN_UNUSED_FUNCTION = YES;
				GCC_WARN_UNUSED_VARIABLE = YES;
				IPHONEOS_DEPLOYMENT_TARGET = 12.1;
				MTL_ENABLE_DEBUG_INFO = NO;
				MTL_FAST_MATH = YES;
				SDKROOT = iphoneos;
				SWIFT_COMPILATION_MODE = wholemodule;
				SWIFT_OPTIMIZATION_LEVEL = "-O";
				VALIDATE_PRODUCT = YES;
			};
			name = Release;
		};
		921C79FD221BD20C000B90CA /* Debug */ = {
			isa = XCBuildConfiguration;
			buildSettings = {
				ASSETCATALOG_COMPILER_APPICON_NAME = AppIcon;
				CODE_SIGN_STYLE = Automatic;
				INFOPLIST_FILE = CreditcardUI/Info.plist;
				LD_RUNPATH_SEARCH_PATHS = (
					"$(inherited)",
					"@executable_path/Frameworks",
				);
				PRODUCT_BUNDLE_IDENTIFIER = com.ankur.CreditcardUI;
				PRODUCT_NAME = "$(TARGET_NAME)";
				SWIFT_VERSION = 4.2;
				TARGETED_DEVICE_FAMILY = "1,2";
			};
			name = Debug;
		};
		921C79FE221BD20C000B90CA /* Release */ = {
			isa = XCBuildConfiguration;
			buildSettings = {
				ASSETCATALOG_COMPILER_APPICON_NAME = AppIcon;
				CODE_SIGN_STYLE = Automatic;
				INFOPLIST_FILE = CreditcardUI/Info.plist;
				LD_RUNPATH_SEARCH_PATHS = (
					"$(inherited)",
					"@executable_path/Frameworks",
				);
				PRODUCT_BUNDLE_IDENTIFIER = com.ankur.CreditcardUI;
				PRODUCT_NAME = "$(TARGET_NAME)";
				SWIFT_VERSION = 4.2;
				TARGETED_DEVICE_FAMILY = "1,2";
			};
			name = Release;
		};
		921C7A00221BD20C000B90CA /* Debug */ = {
			isa = XCBuildConfiguration;
			buildSettings = {
				ALWAYS_EMBED_SWIFT_STANDARD_LIBRARIES = YES;
				BUNDLE_LOADER = "$(TEST_HOST)";
				CODE_SIGN_STYLE = Automatic;
				INFOPLIST_FILE = CreditcardUITests/Info.plist;
				LD_RUNPATH_SEARCH_PATHS = (
					"$(inherited)",
					"@executable_path/Frameworks",
					"@loader_path/Frameworks",
				);
				PRODUCT_BUNDLE_IDENTIFIER = com.ankur.CreditcardUITests;
				PRODUCT_NAME = "$(TARGET_NAME)";
				SWIFT_VERSION = 4.2;
				TARGETED_DEVICE_FAMILY = "1,2";
				TEST_HOST = "$(BUILT_PRODUCTS_DIR)/CreditcardUI.app/CreditcardUI";
			};
			name = Debug;
		};
		921C7A01221BD20C000B90CA /* Release */ = {
			isa = XCBuildConfiguration;
			buildSettings = {
				ALWAYS_EMBED_SWIFT_STANDARD_LIBRARIES = YES;
				BUNDLE_LOADER = "$(TEST_HOST)";
				CODE_SIGN_STYLE = Automatic;
				INFOPLIST_FILE = CreditcardUITests/Info.plist;
				LD_RUNPATH_SEARCH_PATHS = (
					"$(inherited)",
					"@executable_path/Frameworks",
					"@loader_path/Frameworks",
				);
				PRODUCT_BUNDLE_IDENTIFIER = com.ankur.CreditcardUITests;
				PRODUCT_NAME = "$(TARGET_NAME)";
				SWIFT_VERSION = 4.2;
				TARGETED_DEVICE_FAMILY = "1,2";
				TEST_HOST = "$(BUILT_PRODUCTS_DIR)/CreditcardUI.app/CreditcardUI";
			};
			name = Release;
		};
		921C7A03221BD20C000B90CA /* Debug */ = {
			isa = XCBuildConfiguration;
			buildSettings = {
				ALWAYS_EMBED_SWIFT_STANDARD_LIBRARIES = YES;
				CODE_SIGN_STYLE = Automatic;
				INFOPLIST_FILE = CreditcardUIUITests/Info.plist;
				LD_RUNPATH_SEARCH_PATHS = (
					"$(inherited)",
					"@executable_path/Frameworks",
					"@loader_path/Frameworks",
				);
				PRODUCT_BUNDLE_IDENTIFIER = com.ankur.CreditcardUIUITests;
				PRODUCT_NAME = "$(TARGET_NAME)";
				SWIFT_VERSION = 4.2;
				TARGETED_DEVICE_FAMILY = "1,2";
				TEST_TARGET_NAME = CreditcardUI;
			};
			name = Debug;
		};
		921C7A04221BD20C000B90CA /* Release */ = {
			isa = XCBuildConfiguration;
			buildSettings = {
				ALWAYS_EMBED_SWIFT_STANDARD_LIBRARIES = YES;
				CODE_SIGN_STYLE = Automatic;
				INFOPLIST_FILE = CreditcardUIUITests/Info.plist;
				LD_RUNPATH_SEARCH_PATHS = (
					"$(inherited)",
					"@executable_path/Frameworks",
					"@loader_path/Frameworks",
				);
				PRODUCT_BUNDLE_IDENTIFIER = com.ankur.CreditcardUIUITests;
				PRODUCT_NAME = "$(TARGET_NAME)";
				SWIFT_VERSION = 4.2;
				TARGETED_DEVICE_FAMILY = "1,2";
				TEST_TARGET_NAME = CreditcardUI;
			};
			name = Release;
		};
/* End XCBuildConfiguration section */

/* Begin XCConfigurationList section */
		921C79CF221BD20A000B90CA /* Build configuration list for PBXProject "CreditcardUI" */ = {
			isa = XCConfigurationList;
			buildConfigurations = (
				921C79FA221BD20C000B90CA /* Debug */,
				921C79FB221BD20C000B90CA /* Release */,
			);
			defaultConfigurationIsVisible = 0;
			defaultConfigurationName = Release;
		};
		921C79FC221BD20C000B90CA /* Build configuration list for PBXNativeTarget "CreditcardUI" */ = {
			isa = XCConfigurationList;
			buildConfigurations = (
				921C79FD221BD20C000B90CA /* Debug */,
				921C79FE221BD20C000B90CA /* Release */,
			);
			defaultConfigurationIsVisible = 0;
			defaultConfigurationName = Release;
		};
		921C79FF221BD20C000B90CA /* Build configuration list for PBXNativeTarget "CreditcardUITests" */ = {
			isa = XCConfigurationList;
			buildConfigurations = (
				921C7A00221BD20C000B90CA /* Debug */,
				921C7A01221BD20C000B90CA /* Release */,
			);
			defaultConfigurationIsVisible = 0;
			defaultConfigurationName = Release;
		};
		921C7A02221BD20C000B90CA /* Build configuration list for PBXNativeTarget "CreditcardUIUITests" */ = {
			isa = XCConfigurationList;
			buildConfigurations = (
				921C7A03221BD20C000B90CA /* Debug */,
				921C7A04221BD20C000B90CA /* Release */,
			);
			defaultConfigurationIsVisible = 0;
			defaultConfigurationName = Release;
		};
/* End XCConfigurationList section */
	};
	rootObject = 921C79CC221BD20A000B90CA /* Project object */;
}
